
Microsoft Visual Studio Solution File, Format Version 12.00
# Visual Studio 15
VisualStudioVersion = 15.0.28010.2003
MinimumVisualStudioVersion = 10.0.40219.1
Project("{FAE04EC0-301F-11D3-BF4B-00C04F79EFBC}") = "Tarea6", "DBej6MVVM\Tarea6.csproj", "{7B5214A8-C76D-4966-B865-6651EF6818BB}"
EndProject
Global
	GlobalSection(SolutionConfigurationPlatforms) = preSolution
		Debug|Any CPU = Debug|Any CPU
		Release|Any CPU = Release|Any CPU
	EndGlobalSection
	GlobalSection(ProjectConfigurationPlatforms) = postSolution
		{7B5214A8-C76D-4966-B865-6651EF6818BB}.Debug|Any CPU.ActiveCfg = Debug|Any CPU
		{7B5214A8-C76D-4966-B865-6651EF6818BB}.Debug|Any CPU.Build.0 = Debug|Any CPU
		{7B5214A8-C76D-4966-B865-6651EF6818BB}.Release|Any CPU.ActiveCfg = Release|Any CPU
		{7B5214A8-C76D-4966-B865-6651EF6818BB}.Release|Any CPU.Build.0 = Release|Any CPU
	EndGlobalSection
	GlobalSection(SolutionProperties) = preSolution
		HideSolutionNode = FALSE
	EndGlobalSection
	GlobalSection(ExtensibilityGlobals) = postSolution
		SolutionGuid = {FABC918B-2417-4019-803D-DA5B979B699E}
	EndGlobalSection
EndGlobal
